
Microsoft Visual Studio Solution File, Format Version 12.00
# Visual Studio Version 17
VisualStudioVersion = 17.8.34525.116
MinimumVisualStudioVersion = 10.0.40219.1
Project("{FAE04EC0-301F-11D3-BF4B-00C04F79EFBC}") = "WepApiIndex", "WepApiIndex\WepApiIndex.csproj", "{2EF35A77-6986-4C3A-9852-CAB58114C316}"
EndProject
Global
	GlobalSection(SolutionConfigurationPlatforms) = preSolution
		Debug|Any CPU = Debug|Any CPU
		Release|Any CPU = Release|Any CPU
	EndGlobalSection
	GlobalSection(ProjectConfigurationPlatforms) = postSolution
		{2EF35A77-6986-4C3A-9852-CAB58114C316}.Debug|Any CPU.ActiveCfg = Debug|Any CPU
		{2EF35A77-6986-4C3A-9852-CAB58114C316}.Debug|Any CPU.Build.0 = Debug|Any CPU
		{2EF35A77-6986-4C3A-9852-CAB58114C316}.Release|Any CPU.ActiveCfg = Release|Any CPU
		{2EF35A77-6986-4C3A-9852-CAB58114C316}.Release|Any CPU.Build.0 = Release|Any CPU
	EndGlobalSection
	GlobalSection(SolutionProperties) = preSolution
		HideSolutionNode = FALSE
	EndGlobalSection
	GlobalSection(ExtensibilityGlobals) = postSolution
		SolutionGuid = {3ECBDAE5-B8C5-4D8C-91D7-CBDEC8C7EEEE}
	EndGlobalSection
EndGlobal
